
Microsoft Visual Studio Solution File, Format Version 12.00
# Visual Studio Version 17
VisualStudioVersion = 17.8.34309.116
MinimumVisualStudioVersion = 10.0.40219.1
Project("{FAE04EC0-301F-11D3-BF4B-00C04F79EFBC}") = "MemoryTest", "MemoryTest\MemoryTest.csproj", "{073FB7C5-4FCC-4453-820F-48CBF97BD251}"
EndProject
Project("{FAE04EC0-301F-11D3-BF4B-00C04F79EFBC}") = "Memory", "Memory\Memory.csproj", "{717CB9E0-3190-43EF-A261-0F6407D6A567}"
EndProject
Global
	GlobalSection(SolutionConfigurationPlatforms) = preSolution
		Debug|Any CPU = Debug|Any CPU
		Release|Any CPU = Release|Any CPU
	EndGlobalSection
	GlobalSection(ProjectConfigurationPlatforms) = postSolution
		{073FB7C5-4FCC-4453-820F-48CBF97BD251}.Debug|Any CPU.ActiveCfg = Debug|Any CPU
		{073FB7C5-4FCC-4453-820F-48CBF97BD251}.Debug|Any CPU.Build.0 = Debug|Any CPU
		{073FB7C5-4FCC-4453-820F-48CBF97BD251}.Release|Any CPU.ActiveCfg = Release|Any CPU
		{073FB7C5-4FCC-4453-820F-48CBF97BD251}.Release|Any CPU.Build.0 = Release|Any CPU
		{717CB9E0-3190-43EF-A261-0F6407D6A567}.Debug|Any CPU.ActiveCfg = Debug|Any CPU
		{717CB9E0-3190-43EF-A261-0F6407D6A567}.Debug|Any CPU.Build.0 = Debug|Any CPU
		{717CB9E0-3190-43EF-A261-0F6407D6A567}.Release|Any CPU.ActiveCfg = Release|Any CPU
		{717CB9E0-3190-43EF-A261-0F6407D6A567}.Release|Any CPU.Build.0 = Release|Any CPU
	EndGlobalSection
	GlobalSection(SolutionProperties) = preSolution
		HideSolutionNode = FALSE
	EndGlobalSection
	GlobalSection(ExtensibilityGlobals) = postSolution
		SolutionGuid = {7B2CECAC-87CD-4A70-B340-D8511AB47446}
	EndGlobalSection
EndGlobal
